// !$*UTF8*$!
{
	archiveVersion = 1;
	classes = {
	};
	objectVersion = 50;
	objects = {

/* Begin PBXBuildFile section */
		4D1671F820CA8B3E00D679CF /* AppDelegate.swift in Sources */ = {isa = PBXBuildFile; fileRef = 4D1671F720CA8B3E00D679CF /* AppDelegate.swift */; };
		4D1671FA20CA8B4000D679CF /* Assets.xcassets in Resources */ = {isa = PBXBuildFile; fileRef = 4D1671F920CA8B4000D679CF /* Assets.xcassets */; };
		4D1671FD20CA8B4000D679CF /* MainMenu.xib in Resources */ = {isa = PBXBuildFile; fileRef = 4D1671FB20CA8B4000D679CF /* MainMenu.xib */; };
		4D16720620CA8C1000D679CF /* Model.swift in Sources */ = {isa = PBXBuildFile; fileRef = 4D16720520CA8C1000D679CF /* Model.swift */; };
		4D16720820CA8D3200D679CF /* ProfileViewController.swift in Sources */ = {isa = PBXBuildFile; fileRef = 4D16720720CA8D3200D679CF /* ProfileViewController.swift */; };
		4D71DEE820CAB0DC001BBBD3 /* ValueTransformers.swift in Sources */ = {isa = PBXBuildFile; fileRef = 4D71DEE720CAB0DC001BBBD3 /* ValueTransformers.swift */; };
/* End PBXBuildFile section */

/* Begin PBXFileReference section */
		4D1671F420CA8B3E00D679CF /* Finger.app */ = {isa = PBXFileReference; explicitFileType = wrapper.application; includeInIndex = 0; path = Finger.app; sourceTree = BUILT_PRODUCTS_DIR; };
		4D1671F720CA8B3E00D679CF /* AppDelegate.swift */ = {isa = PBXFileReference; lastKnownFileType = sourcecode.swift; path = AppDelegate.swift; sourceTree = "<group>"; };
		4D1671F920CA8B4000D679CF /* Assets.xcassets */ = {isa = PBXFileReference; lastKnownFileType = folder.assetcatalog; path = Assets.xcassets; sourceTree = "<group>"; };
		4D1671FC20CA8B4000D679CF /* Base */ = {isa = PBXFileReference; lastKnownFileType = file.xib; name = Base; path = Base.lproj/MainMenu.xib; sourceTree = "<group>"; };
		4D1671FE20CA8B4000D679CF /* Info.plist */ = {isa = PBXFileReference; lastKnownFileType = text.plist.xml; path = Info.plist; sourceTree = "<group>"; };
		4D1671FF20CA8B4000D679CF /* Finger.entitlements */ = {isa = PBXFileReference; lastKnownFileType = text.plist.entitlements; path = Finger.entitlements; sourceTree = "<group>"; };
		4D16720520CA8C1000D679CF /* Model.swift */ = {isa = PBXFileReference; lastKnownFileType = sourcecode.swift; path = Model.swift; sourceTree = "<group>"; };
		4D16720720CA8D3200D679CF /* ProfileViewController.swift */ = {isa = PBXFileReference; lastKnownFileType = sourcecode.swift; path = ProfileViewController.swift; sourceTree = "<group>"; };
		4D71DEE720CAB0DC001BBBD3 /* ValueTransformers.swift */ = {isa = PBXFileReference; lastKnownFileType = sourcecode.swift; path = ValueTransformers.swift; sourceTree = "<group>"; };
/* End PBXFileReference section */

/* Begin PBXFrameworksBuildPhase section */
		4D1671F120CA8B3E00D679CF /* Frameworks */ = {
			isa = PBXFrameworksBuildPhase;
			buildActionMask = 2147483647;
			files = (
			);
			runOnlyForDeploymentPostprocessing = 0;
		};
/* End PBXFrameworksBuildPhase section */

/* Begin PBXGroup section */
		4D1671EB20CA8B3E00D679CF = {
			isa = PBXGroup;
			children = (
				4D1671F620CA8B3E00D679CF /* Finger */,
				4D1671F520CA8B3E00D679CF /* Products */,
			);
			sourceTree = "<group>";
		};
		4D1671F520CA8B3E00D679CF /* Products */ = {
			isa = PBXGroup;
			children = (
				4D1671F420CA8B3E00D679CF /* Finger.app */,
			);
			name = Products;
			sourceTree = "<group>";
		};
		4D1671F620CA8B3E00D679CF /* Finger */ = {
			isa = PBXGroup;
			children = (
				4D1671F720CA8B3E00D679CF /* AppDelegate.swift */,
				4D1671F920CA8B4000D679CF /* Assets.xcassets */,
				4D1671FB20CA8B4000D679CF /* MainMenu.xib */,
				4D1671FE20CA8B4000D679CF /* Info.plist */,
				4D1671FF20CA8B4000D679CF /* Finger.entitlements */,
				4D16720520CA8C1000D679CF /* Model.swift */,
				4D16720720CA8D3200D679CF /* ProfileViewController.swift */,
				4D71DEE720CAB0DC001BBBD3 /* ValueTransformers.swift */,
			);
			path = Finger;
			sourceTree = "<group>";
		};
/* End PBXGroup section */

/* Begin PBXNativeTarget section */
		4D1671F320CA8B3E00D679CF /* Finger */ = {
			isa = PBXNativeTarget;
			buildConfigurationList = 4D16720220CA8B4000D679CF /* Build configuration list for PBXNativeTarget "Finger" */;
			buildPhases = (
				4D1671F020CA8B3E00D679CF /* Sources */,
				4D1671F120CA8B3E00D679CF /* Frameworks */,
				4D1671F220CA8B3E00D679CF /* Resources */,
			);
			buildRules = (
			);
			dependencies = (
			);
			name = Finger;
			productName = Finger;
			productReference = 4D1671F420CA8B3E00D679CF /* Finger.app */;
			productType = "com.apple.product-type.application";
		};
/* End PBXNativeTarget section */

/* Begin PBXProject section */
		4D1671EC20CA8B3E00D679CF /* Project object */ = {
			isa = PBXProject;
			attributes = {
				LastSwiftUpdateCheck = 1000;
				LastUpgradeCheck = 0930;
				ORGANIZATIONNAME = "Bene Terhechte";
				TargetAttributes = {
					4D1671F320CA8B3E00D679CF = {
						CreatedOnToolsVersion = 9.3;
						SystemCapabilities = {
							com.apple.Sandbox = {
								enabled = 0;
							};
						};
					};
				};
			};
			buildConfigurationList = 4D1671EF20CA8B3E00D679CF /* Build configuration list for PBXProject "Finger" */;
			compatibilityVersion = "Xcode 9.3";
			developmentRegion = en;
			hasScannedForEncodings = 0;
			knownRegions = (
				en,
				Base,
			);
			mainGroup = 4D1671EB20CA8B3E00D679CF;
			productRefGroup = 4D1671F520CA8B3E00D679CF /* Products */;
			projectDirPath = "";
			projectRoot = "";
			targets = (
				4D1671F320CA8B3E00D679CF /* Finger */,
			);
		};
/* End PBXProject section */

/* Begin PBXResourcesBuildPhase section */
		4D1671F220CA8B3E00D679CF /* Resources */ = {
			isa = PBXResourcesBuildPhase;
			buildActionMask = 2147483647;
			files = (
				4D1671FA20CA8B4000D679CF /* Assets.xcassets in Resources */,
				4D1671FD20CA8B4000D679CF /* MainMenu.xib in Resources */,
			);
			runOnlyForDeploymentPostprocessing = 0;
		};
/* End PBXResourcesBuildPhase section */

/* Begin PBXSourcesBuildPhase section */
		4D1671F020CA8B3E00D679CF /* Sources */ = {
			isa = PBXSourcesBuildPhase;
			buildActionMask = 2147483647;
			files = (
				4D1671F820CA8B3E00D679CF /* AppDelegate.swift in Sources */,
				4D71DEE820CAB0DC001BBBD3 /* ValueTransformers.swift in Sources */,
				4D16720820CA8D3200D679CF /* ProfileViewController.swift in Sources */,
				4D16720620CA8C1000D679CF /* Model.swift in Sources */,
			);
			runOnlyForDeploymentPostprocessing = 0;
		};
/* End PBXSourcesBuildPhase section */

/* Begin PBXVariantGroup section */
		4D1671FB20CA8B4000D679CF /* MainMenu.xib */ = {
			isa = PBXVariantGroup;
			children = (
				4D1671FC20CA8B4000D679CF /* Base */,
			);
			name = MainMenu.xib;
			sourceTree = "<group>";
		};
/* End PBXVariantGroup section */

/* Begin XCBuildConfiguration section */
		4D16720020CA8B4000D679CF /* Debug */ = {
			isa = XCBuildConfiguration;
			buildSettings = {
				ALWAYS_SEARCH_USER_PATHS = NO;
				CLANG_ANALYZER_NONNULL = YES;
				CLANG_ANALYZER_NUMBER_OBJECT_CONVERSION = YES_AGGRESSIVE;
				CLANG_CXX_LANGUAGE_STANDARD = "gnu++14";
				CLANG_CXX_LIBRARY = "libc++";
				CLANG_ENABLE_MODULES = YES;
				CLANG_ENABLE_OBJC_ARC = YES;
				CLANG_ENABLE_OBJC_WEAK = YES;
				CLANG_WARN_BLOCK_CAPTURE_AUTORELEASING = YES;
				CLANG_WARN_BOOL_CONVERSION = YES;
				CLANG_WARN_COMMA = YES;
				CLANG_WARN_CONSTANT_CONVERSION = YES;
				CLANG_WARN_DEPRECATED_OBJC_IMPLEMENTATIONS = YES;
				CLANG_WARN_DIRECT_OBJC_ISA_USAGE = YES_ERROR;
				CLANG_WARN_DOCUMENTATION_COMMENTS = YES;
				CLANG_WARN_EMPTY_BODY = YES;
				CLANG_WARN_ENUM_CONVERSION = YES;
				CLANG_WARN_INFINITE_RECURSION = YES;
				CLANG_WARN_INT_CONVERSION = YES;
				CLANG_WARN_NON_LITERAL_NULL_CONVERSION = YES;
				CLANG_WARN_OBJC_IMPLICIT_RETAIN_SELF = YES;
				CLANG_WARN_OBJC_LITERAL_CONVERSION = YES;
				CLANG_WARN_OBJC_ROOT_CLASS = YES_ERROR;
				CLANG_WARN_RANGE_LOOP_ANALYSIS = YES;
				CLANG_WARN_STRICT_PROTOTYPES = YES;
				CLANG_WARN_SUSPICIOUS_MOVE = YES;
				CLANG_WARN_UNGUARDED_AVAILABILITY = YES_AGGRESSIVE;
				CLANG_WARN_UNREACHABLE_CODE = YES;
				CLANG_WARN__DUPLICATE_METHOD_MATCH = YES;
				CODE_SIGN_IDENTITY = "-";
				COPY_PHASE_STRIP = NO;
				DEBUG_INFORMATION_FORMAT = dwarf;
				ENABLE_STRICT_OBJC_MSGSEND = YES;
				ENABLE_TESTABILITY = YES;
				GCC_C_LANGUAGE_STANDARD = gnu11;
				GCC_DYNAMIC_NO_PIC = NO;
				GCC_NO_COMMON_BLOCKS = YES;
				GCC_OPTIMIZATION_LEVEL = 0;
				GCC_PREPROCESSOR_DEFINITIONS = (
					"DEBUG=1",
					"$(inherited)",
				);
				GCC_WARN_64_TO_32_BIT_CONVERSION = YES;
				GCC_WARN_ABOUT_RETURN_TYPE = YES_ERROR;
				GCC_WARN_UNDECLARED_SELECTOR = YES;
				GCC_WARN_UNINITIALIZED_AUTOS = YES_AGGRESSIVE;
				GCC_WARN_UNUSED_FUNCTION = YES;
				GCC_WARN_UNUSED_VARIABLE = YES;
				MACOSX_DEPLOYMENT_TARGET = 10.13;
				MTL_ENABLE_DEBUG_INFO = YES;
				ONLY_ACTIVE_ARCH = YES;
				SDKROOT = macosx;
				SWIFT_ACTIVE_COMPILATION_CONDITIONS = DEBUG;
				SWIFT_OPTIMIZATION_LEVEL = "-Onone";
			};
			name = Debug;
		};
		4D16720120CA8B4000D679CF /* Release */ = {
			isa = XCBuildConfiguration;
			buildSettings = {
				ALWAYS_SEARCH_USER_PATHS = NO;
				CLANG_ANALYZER_NONNULL = YES;
				CLANG_ANALYZER_NUMBER_OBJECT_CONVERSION = YES_AGGRESSIVE;
				CLANG_CXX_LANGUAGE_STANDARD = "gnu++14";
				CLANG_CXX_LIBRARY = "libc++";
				CLANG_ENABLE_MODULES = YES;
				CLANG_ENABLE_OBJC_ARC = YES;
				CLANG_ENABLE_OBJC_WEAK = YES;
				CLANG_WARN_BLOCK_CAPTURE_AUTORELEASING = YES;
				CLANG_WARN_BOOL_CONVERSION = YES;
				CLANG_WARN_COMMA = YES;
				CLANG_WARN_CONSTANT_CONVERSION = YES;
				CLANG_WARN_DEPRECATED_OBJC_IMPLEMENTATIONS = YES;
				CLANG_WARN_DIRECT_OBJC_ISA_USAGE = YES_ERROR;
				CLANG_WARN_DOCUMENTATION_COMMENTS = YES;
				CLANG_WARN_EMPTY_BODY = YES;
				CLANG_WARN_ENUM_CONVERSION = YES;
				CLANG_WARN_INFINITE_RECURSION = YES;
				CLANG_WARN_INT_CONVERSION = YES;
				CLANG_WARN_NON_LITERAL_NULL_CONVERSION = YES;
				CLANG_WARN_OBJC_IMPLICIT_RETAIN_SELF = YES;
				CLANG_WARN_OBJC_LITERAL_CONVERSION = YES;
				CLANG_WARN_OBJC_ROOT_CLASS = YES_ERROR;
				CLANG_WARN_RANGE_LOOP_ANALYSIS = YES;
				CLANG_WARN_STRICT_PROTOTYPES = YES;
				CLANG_WARN_SUSPICIOUS_MOVE = YES;
				CLANG_WARN_UNGUARDED_AVAILABILITY = YES_AGGRESSIVE;
				CLANG_WARN_UNREACHABLE_CODE = YES;
				CLANG_WARN__DUPLICATE_METHOD_MATCH = YES;
				CODE_SIGN_IDENTITY = "-";
				COPY_PHASE_STRIP = NO;
				DEBUG_INFORMATION_FORMAT = "dwarf-with-dsym";
				ENABLE_NS_ASSERTIONS = NO;
				ENABLE_STRICT_OBJC_MSGSEND = YES;
				GCC_C_LANGUAGE_STANDARD = gnu11;
				GCC_NO_COMMON_BLOCKS = YES;
				GCC_WARN_64_TO_32_BIT_CONVERSION = YES;
				GCC_WARN_ABOUT_RETURN_TYPE = YES_ERROR;
				GCC_WARN_UNDECLARED_SELECTOR = YES;
				GCC_WARN_UNINITIALIZED_AUTOS = YES_AGGRESSIVE;
				GCC_WARN_UNUSED_FUNCTION = YES;
				GCC_WARN_UNUSED_VARIABLE = YES;
				MACOSX_DEPLOYMENT_TARGET = 10.13;
				MTL_ENABLE_DEBUG_INFO = NO;
				SDKROOT = macosx;
				SWIFT_COMPILATION_MODE = wholemodule;
				SWIFT_OPTIMIZATION_LEVEL = "-O";
			};
			name = Release;
		};
		4D16720320CA8B4000D679CF /* Debug */ = {
			isa = XCBuildConfiguration;
			buildSettings = {
				ASSETCATALOG_COMPILER_APPICON_NAME = AppIcon;
				CODE_SIGN_STYLE = Automatic;
				COMBINE_HIDPI_IMAGES = YES;
				INFOPLIST_FILE = Finger/Info.plist;
				LD_RUNPATH_SEARCH_PATHS = (
					"$(inherited)",
					"@executable_path/../Frameworks",
				);
				MACOSX_DEPLOYMENT_TARGET = 10.13.4;
				PRODUCT_BUNDLE_IDENTIFIER = com.stylemac.Finger;
				PRODUCT_NAME = "$(TARGET_NAME)";
				SWIFT_VERSION = 4.0;
			};
			name = Debug;
		};
		4D16720420CA8B4000D679CF /* Release */ = {
			isa = XCBuildConfiguration;
			buildSettings = {
				ASSETCATALOG_COMPILER_APPICON_NAME = AppIcon;
				CODE_SIGN_STYLE = Automatic;
				COMBINE_HIDPI_IMAGES = YES;
				INFOPLIST_FILE = Finger/Info.plist;
				LD_RUNPATH_SEARCH_PATHS = (
					"$(inherited)",
					"@executable_path/../Frameworks",
				);
				MACOSX_DEPLOYMENT_TARGET = 10.13.4;
				PRODUCT_BUNDLE_IDENTIFIER = com.stylemac.Finger;
				PRODUCT_NAME = "$(TARGET_NAME)";
				SWIFT_VERSION = 4.0;
			};
			name = Release;
		};
/* End XCBuildConfiguration section */

/* Begin XCConfigurationList section */
		4D1671EF20CA8B3E00D679CF /* Build configuration list for PBXProject "Finger" */ = {
			isa = XCConfigurationList;
			buildConfigurations = (
				4D16720020CA8B4000D679CF /* Debug */,
				4D16720120CA8B4000D679CF /* Release */,
			);
			defaultConfigurationIsVisible = 0;
			defaultConfigurationName = Release;
		};
		4D16720220CA8B4000D679CF /* Build configuration list for PBXNativeTarget "Finger" */ = {
			isa = XCConfigurationList;
			buildConfigurations = (
				4D16720320CA8B4000D679CF /* Debug */,
				4D16720420CA8B4000D679CF /* Release */,
			);
			defaultConfigurationIsVisible = 0;
			defaultConfigurationName = Release;
		};
/* End XCConfigurationList section */
	};
	rootObject = 4D1671EC20CA8B3E00D679CF /* Project object */;
}
